
Microsoft Visual Studio Solution File, Format Version 12.00
# Visual Studio Version 16
VisualStudioVersion = 16.0.30406.217
MinimumVisualStudioVersion = 10.0.40219.1
Project("{FAE04EC0-301F-11D3-BF4B-00C04F79EFBC}") = "interfaz", "interfaz.csproj", "{5413496A-4BC1-4CFB-8130-D1328823CFF6}"
EndProject
Project("{FAE04EC0-301F-11D3-BF4B-00C04F79EFBC}") = "Dominio", "..\Dominio\Dominio.csproj", "{3E0846CB-C94E-449C-9D76-1A7A5A4CDEC0}"
EndProject
Project("{FAE04EC0-301F-11D3-BF4B-00C04F79EFBC}") = "Negocio", "..\Negocio\Negocio.csproj", "{5936EFBA-BA53-4EEF-A46E-1EED86946C1E}"
EndProject
Global
	GlobalSection(SolutionConfigurationPlatforms) = preSolution
		Debug|Any CPU = Debug|Any CPU
		Release|Any CPU = Release|Any CPU
	EndGlobalSection
	GlobalSection(ProjectConfigurationPlatforms) = postSolution
		{5413496A-4BC1-4CFB-8130-D1328823CFF6}.Debug|Any CPU.ActiveCfg = Debug|Any CPU
		{5413496A-4BC1-4CFB-8130-D1328823CFF6}.Debug|Any CPU.Build.0 = Debug|Any CPU
		{5413496A-4BC1-4CFB-8130-D1328823CFF6}.Release|Any CPU.ActiveCfg = Release|Any CPU
		{5413496A-4BC1-4CFB-8130-D1328823CFF6}.Release|Any CPU.Build.0 = Release|Any CPU
		{3E0846CB-C94E-449C-9D76-1A7A5A4CDEC0}.Debug|Any CPU.ActiveCfg = Debug|Any CPU
		{3E0846CB-C94E-449C-9D76-1A7A5A4CDEC0}.Debug|Any CPU.Build.0 = Debug|Any CPU
		{3E0846CB-C94E-449C-9D76-1A7A5A4CDEC0}.Release|Any CPU.ActiveCfg = Release|Any CPU
		{3E0846CB-C94E-449C-9D76-1A7A5A4CDEC0}.Release|Any CPU.Build.0 = Release|Any CPU
		{5936EFBA-BA53-4EEF-A46E-1EED86946C1E}.Debug|Any CPU.ActiveCfg = Debug|Any CPU
		{5936EFBA-BA53-4EEF-A46E-1EED86946C1E}.Debug|Any CPU.Build.0 = Debug|Any CPU
		{5936EFBA-BA53-4EEF-A46E-1EED86946C1E}.Release|Any CPU.ActiveCfg = Release|Any CPU
		{5936EFBA-BA53-4EEF-A46E-1EED86946C1E}.Release|Any CPU.Build.0 = Release|Any CPU
	EndGlobalSection
	GlobalSection(SolutionProperties) = preSolution
		HideSolutionNode = FALSE
	EndGlobalSection
	GlobalSection(ExtensibilityGlobals) = postSolution
		SolutionGuid = {D264C542-7586-4A8F-A109-9CA5DCED9D3D}
	EndGlobalSection
EndGlobal
